// !$*UTF8*$!
{
	archiveVersion = 1;
	classes = {
	};
	objectVersion = 55;
	objects = {

/* Begin PBXBuildFile section */
		14FD7008E421CB109D5A4261 /* NSMutableArray+Fill+Convert.swift in Sources */ = {isa = PBXBuildFile; fileRef = 14FD7A93F9835C049CFF52B5 /* NSMutableArray+Fill+Convert.swift */; };
		14FD7471271590098ABF41D3 /* DBDataProvider.swift in Sources */ = {isa = PBXBuildFile; fileRef = 14FD7500B2BD173160C13D87 /* DBDataProvider.swift */; };
		14FD76823CBB2F9664A153F7 /* WideCellView.swift in Sources */ = {isa = PBXBuildFile; fileRef = 14FD74DF6B0FA3921D7E066E /* WideCellView.swift */; };
		14FD770FF738AD41E178659A /* LikePageController.swift in Sources */ = {isa = PBXBuildFile; fileRef = 14FD75C2DB755BA7B2605AE5 /* LikePageController.swift */; };
		14FD7E1D0C8CE63093E664E8 /* UIMeals.swift in Sources */ = {isa = PBXBuildFile; fileRef = 14FD703B7696CC9277B935DD /* UIMeals.swift */; };
		14FD7F4FED201791E182456E /* MealViewFactory.swift in Sources */ = {isa = PBXBuildFile; fileRef = 14FD7C53EE8DFD1416FABAEB /* MealViewFactory.swift */; };
		1F746E292767779A00BF0EC1 /* CachedImageFetcher.swift in Sources */ = {isa = PBXBuildFile; fileRef = 1F746E282767779A00BF0EC1 /* CachedImageFetcher.swift */; };
		1FC26AD0276117B0003B8162 /* AppDelegate.swift in Sources */ = {isa = PBXBuildFile; fileRef = 1FC26ACF276117B0003B8162 /* AppDelegate.swift */; };
		1FC26AD2276117B0003B8162 /* SceneDelegate.swift in Sources */ = {isa = PBXBuildFile; fileRef = 1FC26AD1276117B0003B8162 /* SceneDelegate.swift */; };
		1FC26AD9276117B2003B8162 /* Assets.xcassets in Resources */ = {isa = PBXBuildFile; fileRef = 1FC26AD8276117B2003B8162 /* Assets.xcassets */; };
		1FC26ADC276117B2003B8162 /* LaunchScreen.storyboard in Resources */ = {isa = PBXBuildFile; fileRef = 1FC26ADA276117B2003B8162 /* LaunchScreen.storyboard */; };
		1FDE4AB1276216CF002879F8 /* TabBarController.swift in Sources */ = {isa = PBXBuildFile; fileRef = 1FDE4AB0276216CF002879F8 /* TabBarController.swift */; };
		1FDE4AB3276216DF002879F8 /* SearchPageController.swift in Sources */ = {isa = PBXBuildFile; fileRef = 1FDE4AB2276216DF002879F8 /* SearchPageController.swift */; };
		1FDE4AB5276216F2002879F8 /* TrendPageController.swift in Sources */ = {isa = PBXBuildFile; fileRef = 1FDE4AB4276216F2002879F8 /* TrendPageController.swift */; };
		1FDE4AB727621782002879F8 /* MealPageController.swift in Sources */ = {isa = PBXBuildFile; fileRef = 1FDE4AB627621782002879F8 /* MealPageController.swift */; };
		1FDE4AC027623D98002879F8 /* Unit_Tests.swift in Sources */ = {isa = PBXBuildFile; fileRef = 1FDE4ABF27623D98002879F8 /* Unit_Tests.swift */; };
		4266C1FA27673D18009E9BCD /* NetworkServiceProtocol.swift in Sources */ = {isa = PBXBuildFile; fileRef = 4266C1F627673D18009E9BCD /* NetworkServiceProtocol.swift */; };
		4266C1FB27673D18009E9BCD /* NetworkService.swift in Sources */ = {isa = PBXBuildFile; fileRef = 4266C1F727673D18009E9BCD /* NetworkService.swift */; };
		4266C1FC27673D18009E9BCD /* RequestUtils.swift in Sources */ = {isa = PBXBuildFile; fileRef = 4266C1F927673D18009E9BCD /* RequestUtils.swift */; };
		4266C20227676411009E9BCD /* Main.storyboard in Resources */ = {isa = PBXBuildFile; fileRef = 4266C20027676411009E9BCD /* Main.storyboard */; };
		4266C204276A0FD7009E9BCD /* ExponentialBackoffDelayCalculator.swift in Sources */ = {isa = PBXBuildFile; fileRef = 4266C203276A0FD7009E9BCD /* ExponentialBackoffDelayCalculator.swift */; };
		42B0ADC8276CF7CC00589196 /* IngredientsDataProviderNetwork.swift in Sources */ = {isa = PBXBuildFile; fileRef = 42B0ADC6276CF7CC00589196 /* IngredientsDataProviderNetwork.swift */; };
		42B0ADC9276CF7CC00589196 /* IngredientsDataProvider.swift in Sources */ = {isa = PBXBuildFile; fileRef = 42B0ADC7276CF7CC00589196 /* IngredientsDataProvider.swift */; };
		42B0ADCC276CF7E500589196 /* IngredientsHeaderTableCell.swift in Sources */ = {isa = PBXBuildFile; fileRef = 42B0ADCA276CF7E500589196 /* IngredientsHeaderTableCell.swift */; };
		42B0ADCD276CF7E500589196 /* IngredientTableCell.swift in Sources */ = {isa = PBXBuildFile; fileRef = 42B0ADCB276CF7E500589196 /* IngredientTableCell.swift */; };
		42B0ADCF276CF7EF00589196 /* IngredientsPageController.swift in Sources */ = {isa = PBXBuildFile; fileRef = 42B0ADCE276CF7EF00589196 /* IngredientsPageController.swift */; };
		430F422F2764BF75001DE6BB /* MealsDataProvider.swift in Sources */ = {isa = PBXBuildFile; fileRef = 430F422E2764BF75001DE6BB /* MealsDataProvider.swift */; };
		430F42312764BFE3001DE6BB /* MealsDataProviderStub.swift in Sources */ = {isa = PBXBuildFile; fileRef = 430F42302764BFE3001DE6BB /* MealsDataProviderStub.swift */; };
		430F423927672C45001DE6BB /* PreviewCellView.swift in Sources */ = {isa = PBXBuildFile; fileRef = 430F423827672C45001DE6BB /* PreviewCellView.swift */; };
		430F423B27676FD4001DE6BB /* HeaderCollectionView.swift in Sources */ = {isa = PBXBuildFile; fileRef = 430F423A27676FD4001DE6BB /* HeaderCollectionView.swift */; };
		43BEF2842761F68700E42C33 /* Meals.swift in Sources */ = {isa = PBXBuildFile; fileRef = 43BEF2832761F68700E42C33 /* Meals.swift */; };
		43BEF286276215C700E42C33 /* Ingredient.swift in Sources */ = {isa = PBXBuildFile; fileRef = 43BEF285276215C700E42C33 /* Ingredient.swift */; };
		43BEF28B27628A5200E42C33 /* GenericCodingKeys.swift in Sources */ = {isa = PBXBuildFile; fileRef = 43BEF28A27628A5200E42C33 /* GenericCodingKeys.swift */; };
		43E8CED92768A54100C3F357 /* MealsDataProviderNetwork.swift in Sources */ = {isa = PBXBuildFile; fileRef = 43E8CED82768A54100C3F357 /* MealsDataProviderNetwork.swift */; };
		43E8CEDB276B7E6300C3F357 /* Cocktails.swift in Sources */ = {isa = PBXBuildFile; fileRef = 43E8CEDA276B7E6300C3F357 /* Cocktails.swift */; };
		43E8CEDF276BD31B00C3F357 /* UICocktail.swift in Sources */ = {isa = PBXBuildFile; fileRef = 43E8CEDE276BD31B00C3F357 /* UICocktail.swift */; };
		DF30420B2766814C0066DBEF /* RoundButtonWithBlur.swift in Sources */ = {isa = PBXBuildFile; fileRef = DF30420A2766814C0066DBEF /* RoundButtonWithBlur.swift */; };
		DF30420D276687990066DBEF /* LikeButton.swift in Sources */ = {isa = PBXBuildFile; fileRef = DF30420C276687990066DBEF /* LikeButton.swift */; };
		DF3589192767AA5A002C6221 /* MealSuggestionDataSource.swift in Sources */ = {isa = PBXBuildFile; fileRef = DF3589162767AA5A002C6221 /* MealSuggestionDataSource.swift */; };
		DF35891A2767AA5A002C6221 /* ResultMealDataSource.swift in Sources */ = {isa = PBXBuildFile; fileRef = DF3589172767AA5A002C6221 /* ResultMealDataSource.swift */; };
		DF35891B2767AA5A002C6221 /* ingredientDataSource.swift in Sources */ = {isa = PBXBuildFile; fileRef = DF3589182767AA5A002C6221 /* ingredientDataSource.swift */; };
		DF35891D2767AAA7002C6221 /* SearchPageViewFactory.swift in Sources */ = {isa = PBXBuildFile; fileRef = DF35891C2767AAA7002C6221 /* SearchPageViewFactory.swift */; };
		DF8B9899276B6B1900EB2B0C /* NothingFoundStack.swift in Sources */ = {isa = PBXBuildFile; fileRef = DF8B9898276B6B1900EB2B0C /* NothingFoundStack.swift */; };
		DF8B989D276BB92300EB2B0C /* LoadingSplashScreen.swift in Sources */ = {isa = PBXBuildFile; fileRef = DF8B989C276BB92300EB2B0C /* LoadingSplashScreen.swift */; };
		DFB4C1082767B6C2002CE4A0 /* IngredientSuggestionCell.swift in Sources */ = {isa = PBXBuildFile; fileRef = DFB4C1072767B6C2002CE4A0 /* IngredientSuggestionCell.swift */; };
		DFB4C10C2768BEDE002CE4A0 /* RecentsProviderProtocol.swift in Sources */ = {isa = PBXBuildFile; fileRef = DFB4C10B2768BEDD002CE4A0 /* RecentsProviderProtocol.swift */; };
		DFB4C10E2768BF71002CE4A0 /* RecentsProvider.swift in Sources */ = {isa = PBXBuildFile; fileRef = DFB4C10D2768BF71002CE4A0 /* RecentsProvider.swift */; };
		DFB4C1102768E68F002CE4A0 /* IngredientSuggestions.swift in Sources */ = {isa = PBXBuildFile; fileRef = DFB4C10F2768E68F002CE4A0 /* IngredientSuggestions.swift */; };
		DFFF8F0A276CAB680094AA69 /* CellBackgroundColor.swift in Sources */ = {isa = PBXBuildFile; fileRef = DFFF8F09276CAB680094AA69 /* CellBackgroundColor.swift */; };
/* End PBXBuildFile section */

/* Begin PBXContainerItemProxy section */
		1FDE4AC127623D98002879F8 /* PBXContainerItemProxy */ = {
			isa = PBXContainerItemProxy;
			containerPortal = 1FC26AC4276117B0003B8162 /* Project object */;
			proxyType = 1;
			remoteGlobalIDString = 1FC26ACB276117B0003B8162;
			remoteInfo = "Ten Elephants";
		};
/* End PBXContainerItemProxy section */

/* Begin PBXFileReference section */
		14FD703B7696CC9277B935DD /* UIMeals.swift */ = {isa = PBXFileReference; fileEncoding = 4; lastKnownFileType = sourcecode.swift; path = UIMeals.swift; sourceTree = "<group>"; };
		14FD74DF6B0FA3921D7E066E /* WideCellView.swift */ = {isa = PBXFileReference; fileEncoding = 4; lastKnownFileType = sourcecode.swift; path = WideCellView.swift; sourceTree = "<group>"; };
		14FD7500B2BD173160C13D87 /* DBDataProvider.swift */ = {isa = PBXFileReference; fileEncoding = 4; lastKnownFileType = sourcecode.swift; path = DBDataProvider.swift; sourceTree = "<group>"; };
		14FD75C2DB755BA7B2605AE5 /* LikePageController.swift */ = {isa = PBXFileReference; fileEncoding = 4; lastKnownFileType = sourcecode.swift; path = LikePageController.swift; sourceTree = "<group>"; };
		14FD7A93F9835C049CFF52B5 /* NSMutableArray+Fill+Convert.swift */ = {isa = PBXFileReference; fileEncoding = 4; lastKnownFileType = sourcecode.swift; path = "NSMutableArray+Fill+Convert.swift"; sourceTree = "<group>"; };
		14FD7C53EE8DFD1416FABAEB /* MealViewFactory.swift */ = {isa = PBXFileReference; fileEncoding = 4; lastKnownFileType = sourcecode.swift; path = MealViewFactory.swift; sourceTree = "<group>"; };
		1F746E282767779A00BF0EC1 /* CachedImageFetcher.swift */ = {isa = PBXFileReference; fileEncoding = 4; lastKnownFileType = sourcecode.swift; path = CachedImageFetcher.swift; sourceTree = "<group>"; };
		1FC26ACC276117B0003B8162 /* TenElephants.app */ = {isa = PBXFileReference; explicitFileType = wrapper.application; includeInIndex = 0; path = TenElephants.app; sourceTree = BUILT_PRODUCTS_DIR; };
		1FC26ACF276117B0003B8162 /* AppDelegate.swift */ = {isa = PBXFileReference; lastKnownFileType = sourcecode.swift; path = AppDelegate.swift; sourceTree = "<group>"; };
		1FC26AD1276117B0003B8162 /* SceneDelegate.swift */ = {isa = PBXFileReference; lastKnownFileType = sourcecode.swift; path = SceneDelegate.swift; sourceTree = "<group>"; };
		1FC26AD8276117B2003B8162 /* Assets.xcassets */ = {isa = PBXFileReference; lastKnownFileType = folder.assetcatalog; path = Assets.xcassets; sourceTree = "<group>"; };
		1FC26ADB276117B2003B8162 /* Base */ = {isa = PBXFileReference; lastKnownFileType = file.storyboard; name = Base; path = Base.lproj/LaunchScreen.storyboard; sourceTree = "<group>"; };
		1FC26ADD276117B2003B8162 /* Info.plist */ = {isa = PBXFileReference; lastKnownFileType = text.plist.xml; path = Info.plist; sourceTree = "<group>"; };
		1FDE4AB0276216CF002879F8 /* TabBarController.swift */ = {isa = PBXFileReference; lastKnownFileType = sourcecode.swift; path = TabBarController.swift; sourceTree = "<group>"; };
		1FDE4AB2276216DF002879F8 /* SearchPageController.swift */ = {isa = PBXFileReference; lastKnownFileType = sourcecode.swift; path = SearchPageController.swift; sourceTree = "<group>"; };
		1FDE4AB4276216F2002879F8 /* TrendPageController.swift */ = {isa = PBXFileReference; lastKnownFileType = sourcecode.swift; path = TrendPageController.swift; sourceTree = "<group>"; };
		1FDE4AB627621782002879F8 /* MealPageController.swift */ = {isa = PBXFileReference; lastKnownFileType = sourcecode.swift; path = MealPageController.swift; sourceTree = "<group>"; };
		1FDE4ABD27623D98002879F8 /* Unit Tests.xctest */ = {isa = PBXFileReference; explicitFileType = wrapper.cfbundle; includeInIndex = 0; path = "Unit Tests.xctest"; sourceTree = BUILT_PRODUCTS_DIR; };
		1FDE4ABF27623D98002879F8 /* Unit_Tests.swift */ = {isa = PBXFileReference; lastKnownFileType = sourcecode.swift; path = Unit_Tests.swift; sourceTree = "<group>"; };
		4266C1F627673D18009E9BCD /* NetworkServiceProtocol.swift */ = {isa = PBXFileReference; fileEncoding = 4; lastKnownFileType = sourcecode.swift; path = NetworkServiceProtocol.swift; sourceTree = "<group>"; };
		4266C1F727673D18009E9BCD /* NetworkService.swift */ = {isa = PBXFileReference; fileEncoding = 4; lastKnownFileType = sourcecode.swift; path = NetworkService.swift; sourceTree = "<group>"; };
		4266C1F927673D18009E9BCD /* RequestUtils.swift */ = {isa = PBXFileReference; fileEncoding = 4; lastKnownFileType = sourcecode.swift; path = RequestUtils.swift; sourceTree = "<group>"; };
		4266C20127676411009E9BCD /* Base */ = {isa = PBXFileReference; lastKnownFileType = file.storyboard; name = Base; path = Base.lproj/Main.storyboard; sourceTree = "<group>"; };
		4266C203276A0FD7009E9BCD /* ExponentialBackoffDelayCalculator.swift */ = {isa = PBXFileReference; lastKnownFileType = sourcecode.swift; path = ExponentialBackoffDelayCalculator.swift; sourceTree = "<group>"; };
		42B0ADC6276CF7CC00589196 /* IngredientsDataProviderNetwork.swift */ = {isa = PBXFileReference; fileEncoding = 4; lastKnownFileType = sourcecode.swift; path = IngredientsDataProviderNetwork.swift; sourceTree = "<group>"; };
		42B0ADC7276CF7CC00589196 /* IngredientsDataProvider.swift */ = {isa = PBXFileReference; fileEncoding = 4; lastKnownFileType = sourcecode.swift; path = IngredientsDataProvider.swift; sourceTree = "<group>"; };
		42B0ADCA276CF7E500589196 /* IngredientsHeaderTableCell.swift */ = {isa = PBXFileReference; fileEncoding = 4; lastKnownFileType = sourcecode.swift; path = IngredientsHeaderTableCell.swift; sourceTree = "<group>"; };
		42B0ADCB276CF7E500589196 /* IngredientTableCell.swift */ = {isa = PBXFileReference; fileEncoding = 4; lastKnownFileType = sourcecode.swift; path = IngredientTableCell.swift; sourceTree = "<group>"; };
		42B0ADCE276CF7EF00589196 /* IngredientsPageController.swift */ = {isa = PBXFileReference; fileEncoding = 4; lastKnownFileType = sourcecode.swift; path = IngredientsPageController.swift; sourceTree = "<group>"; };
		430F422E2764BF75001DE6BB /* MealsDataProvider.swift */ = {isa = PBXFileReference; fileEncoding = 4; lastKnownFileType = sourcecode.swift; path = MealsDataProvider.swift; sourceTree = "<group>"; };
		430F42302764BFE3001DE6BB /* MealsDataProviderStub.swift */ = {isa = PBXFileReference; fileEncoding = 4; lastKnownFileType = sourcecode.swift; path = MealsDataProviderStub.swift; sourceTree = "<group>"; };
		430F423827672C45001DE6BB /* PreviewCellView.swift */ = {isa = PBXFileReference; lastKnownFileType = sourcecode.swift; path = PreviewCellView.swift; sourceTree = "<group>"; };
		430F423A27676FD4001DE6BB /* HeaderCollectionView.swift */ = {isa = PBXFileReference; lastKnownFileType = sourcecode.swift; path = HeaderCollectionView.swift; sourceTree = "<group>"; };
		43BEF2832761F68700E42C33 /* Meals.swift */ = {isa = PBXFileReference; lastKnownFileType = sourcecode.swift; path = Meals.swift; sourceTree = "<group>"; };
		43BEF285276215C700E42C33 /* Ingredient.swift */ = {isa = PBXFileReference; lastKnownFileType = sourcecode.swift; path = Ingredient.swift; sourceTree = "<group>"; };
		43BEF28A27628A5200E42C33 /* GenericCodingKeys.swift */ = {isa = PBXFileReference; fileEncoding = 4; lastKnownFileType = sourcecode.swift; path = GenericCodingKeys.swift; sourceTree = "<group>"; };
		43E8CED82768A54100C3F357 /* MealsDataProviderNetwork.swift */ = {isa = PBXFileReference; lastKnownFileType = sourcecode.swift; path = MealsDataProviderNetwork.swift; sourceTree = "<group>"; };
		43E8CEDA276B7E6300C3F357 /* Cocktails.swift */ = {isa = PBXFileReference; lastKnownFileType = sourcecode.swift; path = Cocktails.swift; sourceTree = "<group>"; };
		43E8CEDE276BD31B00C3F357 /* UICocktail.swift */ = {isa = PBXFileReference; lastKnownFileType = sourcecode.swift; path = UICocktail.swift; sourceTree = "<group>"; };
		DF30420A2766814C0066DBEF /* RoundButtonWithBlur.swift */ = {isa = PBXFileReference; lastKnownFileType = sourcecode.swift; path = RoundButtonWithBlur.swift; sourceTree = "<group>"; };
		DF30420C276687990066DBEF /* LikeButton.swift */ = {isa = PBXFileReference; lastKnownFileType = sourcecode.swift; path = LikeButton.swift; sourceTree = "<group>"; };
		DF3589162767AA5A002C6221 /* MealSuggestionDataSource.swift */ = {isa = PBXFileReference; fileEncoding = 4; lastKnownFileType = sourcecode.swift; path = MealSuggestionDataSource.swift; sourceTree = "<group>"; };
		DF3589172767AA5A002C6221 /* ResultMealDataSource.swift */ = {isa = PBXFileReference; fileEncoding = 4; lastKnownFileType = sourcecode.swift; path = ResultMealDataSource.swift; sourceTree = "<group>"; };
		DF3589182767AA5A002C6221 /* ingredientDataSource.swift */ = {isa = PBXFileReference; fileEncoding = 4; lastKnownFileType = sourcecode.swift; path = ingredientDataSource.swift; sourceTree = "<group>"; };
		DF35891C2767AAA7002C6221 /* SearchPageViewFactory.swift */ = {isa = PBXFileReference; fileEncoding = 4; lastKnownFileType = sourcecode.swift; path = SearchPageViewFactory.swift; sourceTree = "<group>"; };
		DF8B9898276B6B1900EB2B0C /* NothingFoundStack.swift */ = {isa = PBXFileReference; lastKnownFileType = sourcecode.swift; path = NothingFoundStack.swift; sourceTree = "<group>"; };
		DF8B989C276BB92300EB2B0C /* LoadingSplashScreen.swift */ = {isa = PBXFileReference; lastKnownFileType = sourcecode.swift; path = LoadingSplashScreen.swift; sourceTree = "<group>"; };
		DFB4C1072767B6C2002CE4A0 /* IngredientSuggestionCell.swift */ = {isa = PBXFileReference; lastKnownFileType = sourcecode.swift; path = IngredientSuggestionCell.swift; sourceTree = "<group>"; };
		DFB4C10B2768BEDD002CE4A0 /* RecentsProviderProtocol.swift */ = {isa = PBXFileReference; lastKnownFileType = sourcecode.swift; path = RecentsProviderProtocol.swift; sourceTree = "<group>"; };
		DFB4C10D2768BF71002CE4A0 /* RecentsProvider.swift */ = {isa = PBXFileReference; lastKnownFileType = sourcecode.swift; path = RecentsProvider.swift; sourceTree = "<group>"; };
		DFB4C10F2768E68F002CE4A0 /* IngredientSuggestions.swift */ = {isa = PBXFileReference; lastKnownFileType = sourcecode.swift; path = IngredientSuggestions.swift; sourceTree = "<group>"; };
		DFFF8F09276CAB680094AA69 /* CellBackgroundColor.swift */ = {isa = PBXFileReference; lastKnownFileType = sourcecode.swift; path = CellBackgroundColor.swift; sourceTree = "<group>"; };
/* End PBXFileReference section */

/* Begin PBXFrameworksBuildPhase section */
		1FC26AC9276117B0003B8162 /* Frameworks */ = {
			isa = PBXFrameworksBuildPhase;
			buildActionMask = 2147483647;
			files = (
			);
			runOnlyForDeploymentPostprocessing = 0;
		};
		1FDE4ABA27623D98002879F8 /* Frameworks */ = {
			isa = PBXFrameworksBuildPhase;
			buildActionMask = 2147483647;
			files = (
			);
			runOnlyForDeploymentPostprocessing = 0;
		};
/* End PBXFrameworksBuildPhase section */

/* Begin PBXGroup section */
		14FD7C1FDD6910F86AF78C99 /* UIModels */ = {
			isa = PBXGroup;
			children = (
				14FD703B7696CC9277B935DD /* UIMeals.swift */,
				43E8CEDE276BD31B00C3F357 /* UICocktail.swift */,
				14FD7500B2BD173160C13D87 /* DBDataProvider.swift */,
			);
			path = UIModels;
			sourceTree = "<group>";
		};
		14FD7C4D277EAFC131ACC8CA /* Extensions */ = {
			isa = PBXGroup;
			children = (
				14FD7A93F9835C049CFF52B5 /* NSMutableArray+Fill+Convert.swift */,
			);
			path = Extensions;
			sourceTree = "<group>";
		};
		1F746E272767779A00BF0EC1 /* Cache */ = {
			isa = PBXGroup;
			children = (
				1F746E282767779A00BF0EC1 /* CachedImageFetcher.swift */,
			);
			path = Cache;
			sourceTree = "<group>";
		};
		1FC26AC3276117B0003B8162 = {
			isa = PBXGroup;
			children = (
				1FC26ACE276117B0003B8162 /* TenElephants */,
				1FDE4ABE27623D98002879F8 /* Unit Tests */,
				1FC26ACD276117B0003B8162 /* Products */,
			);
			sourceTree = "<group>";
		};
		1FC26ACD276117B0003B8162 /* Products */ = {
			isa = PBXGroup;
			children = (
				1FC26ACC276117B0003B8162 /* TenElephants.app */,
				1FDE4ABD27623D98002879F8 /* Unit Tests.xctest */,
			);
			name = Products;
			sourceTree = "<group>";
		};
		1FC26ACE276117B0003B8162 /* TenElephants */ = {
			isa = PBXGroup;
			children = (
				DFB4C10A2768BEB7002CE4A0 /* RecentsProvider */,
				4266C1F527673D18009E9BCD /* Network */,
				1F746E272767779A00BF0EC1 /* Cache */,
				430F4228276399AA001DE6BB /* DataProvider */,
				43BEF2822761F67200E42C33 /* Models */,
				1FC26AD1276117B0003B8162 /* SceneDelegate.swift */,
				1FC26ACF276117B0003B8162 /* AppDelegate.swift */,
				1FDE4AB827621798002879F8 /* Views */,
				1FDE4AAF2762166A002879F8 /* Controllers */,
				1FC26AD8276117B2003B8162 /* Assets.xcassets */,
				1FC26ADA276117B2003B8162 /* LaunchScreen.storyboard */,
				4266C20027676411009E9BCD /* Main.storyboard */,
				1FC26ADD276117B2003B8162 /* Info.plist */,
				14FD7C1FDD6910F86AF78C99 /* UIModels */,
				14FD7C4D277EAFC131ACC8CA /* Extensions */,
			);
			path = TenElephants;
			sourceTree = "<group>";
		};
		1FDE4AAF2762166A002879F8 /* Controllers */ = {
			isa = PBXGroup;
			children = (
				42B0ADCE276CF7EF00589196 /* IngredientsPageController.swift */,
				1FDE4AB0276216CF002879F8 /* TabBarController.swift */,
				1FDE4AB4276216F2002879F8 /* TrendPageController.swift */,
				DF3589152767AA4A002C6221 /* SearchPage */,
				1FDE4AB627621782002879F8 /* MealPageController.swift */,
				14FD75C2DB755BA7B2605AE5 /* LikePageController.swift */,
			);
			path = Controllers;
			sourceTree = "<group>";
		};
		1FDE4AB827621798002879F8 /* Views */ = {
			isa = PBXGroup;
			children = (
				42B0ADCA276CF7E500589196 /* IngredientsHeaderTableCell.swift */,
				42B0ADCB276CF7E500589196 /* IngredientTableCell.swift */,
				DF35891C2767AAA7002C6221 /* SearchPageViewFactory.swift */,
				DF8B989C276BB92300EB2B0C /* LoadingSplashScreen.swift */,
				DF8B9898276B6B1900EB2B0C /* NothingFoundStack.swift */,
				DF30420A2766814C0066DBEF /* RoundButtonWithBlur.swift */,
				DF30420C276687990066DBEF /* LikeButton.swift */,
				14FD74DF6B0FA3921D7E066E /* WideCellView.swift */,
				14FD7C53EE8DFD1416FABAEB /* MealViewFactory.swift */,
				430F423827672C45001DE6BB /* PreviewCellView.swift */,
				430F423A27676FD4001DE6BB /* HeaderCollectionView.swift */,
				DFB4C1072767B6C2002CE4A0 /* IngredientSuggestionCell.swift */,
				DFFF8F09276CAB680094AA69 /* CellBackgroundColor.swift */,
			);
			path = Views;
			sourceTree = "<group>";
		};
		1FDE4ABE27623D98002879F8 /* Unit Tests */ = {
			isa = PBXGroup;
			children = (
				1FDE4ABF27623D98002879F8 /* Unit_Tests.swift */,
			);
			path = "Unit Tests";
			sourceTree = "<group>";
		};
		4266C1F527673D18009E9BCD /* Network */ = {
			isa = PBXGroup;
			children = (
				4266C1F627673D18009E9BCD /* NetworkServiceProtocol.swift */,
				4266C1F727673D18009E9BCD /* NetworkService.swift */,
				4266C1F827673D18009E9BCD /* Requests */,
				4266C203276A0FD7009E9BCD /* ExponentialBackoffDelayCalculator.swift */,
			);
			path = Network;
			sourceTree = "<group>";
		};
		4266C1F827673D18009E9BCD /* Requests */ = {
			isa = PBXGroup;
			children = (
				4266C1F927673D18009E9BCD /* RequestUtils.swift */,
			);
			path = Requests;
			sourceTree = "<group>";
		};
		430F4228276399AA001DE6BB /* DataProvider */ = {
			isa = PBXGroup;
			children = (
				42B0ADC7276CF7CC00589196 /* IngredientsDataProvider.swift */,
				42B0ADC6276CF7CC00589196 /* IngredientsDataProviderNetwork.swift */,
				430F42302764BFE3001DE6BB /* MealsDataProviderStub.swift */,
				430F422E2764BF75001DE6BB /* MealsDataProvider.swift */,
				43E8CED82768A54100C3F357 /* MealsDataProviderNetwork.swift */,
			);
			path = DataProvider;
			sourceTree = "<group>";
		};
		43BEF2822761F67200E42C33 /* Models */ = {
			isa = PBXGroup;
			children = (
				43BEF28A27628A5200E42C33 /* GenericCodingKeys.swift */,
				43BEF2832761F68700E42C33 /* Meals.swift */,
				43BEF285276215C700E42C33 /* Ingredient.swift */,
				43E8CEDA276B7E6300C3F357 /* Cocktails.swift */,
				DFB4C10F2768E68F002CE4A0 /* IngredientSuggestions.swift */,
			);
			path = Models;
			sourceTree = "<group>";
		};
		DF3589152767AA4A002C6221 /* SearchPage */ = {
			isa = PBXGroup;
			children = (
				1FDE4AB2276216DF002879F8 /* SearchPageController.swift */,
				DF3589182767AA5A002C6221 /* ingredientDataSource.swift */,
				DF3589162767AA5A002C6221 /* MealSuggestionDataSource.swift */,
				DF3589172767AA5A002C6221 /* ResultMealDataSource.swift */,
			);
			path = SearchPage;
			sourceTree = "<group>";
		};
		DFB4C10A2768BEB7002CE4A0 /* RecentsProvider */ = {
			isa = PBXGroup;
			children = (
				DFB4C10B2768BEDD002CE4A0 /* RecentsProviderProtocol.swift */,
				DFB4C10D2768BF71002CE4A0 /* RecentsProvider.swift */,
			);
			path = RecentsProvider;
			sourceTree = "<group>";
		};
/* End PBXGroup section */

/* Begin PBXNativeTarget section */
		1FC26ACB276117B0003B8162 /* TenElephants */ = {
			isa = PBXNativeTarget;
			buildConfigurationList = 1FC26AE0276117B2003B8162 /* Build configuration list for PBXNativeTarget "TenElephants" */;
			buildPhases = (
				1FC26AC8276117B0003B8162 /* Sources */,
				1FC26AC9276117B0003B8162 /* Frameworks */,
				1FC26ACA276117B0003B8162 /* Resources */,
			);
			buildRules = (
			);
			dependencies = (
			);
			name = TenElephants;
			productName = "Ten Elephants";
			productReference = 1FC26ACC276117B0003B8162 /* TenElephants.app */;
			productType = "com.apple.product-type.application";
		};
		1FDE4ABC27623D98002879F8 /* Unit Tests */ = {
			isa = PBXNativeTarget;
			buildConfigurationList = 1FDE4AC527623D98002879F8 /* Build configuration list for PBXNativeTarget "Unit Tests" */;
			buildPhases = (
				1FDE4AB927623D98002879F8 /* Sources */,
				1FDE4ABA27623D98002879F8 /* Frameworks */,
				1FDE4ABB27623D98002879F8 /* Resources */,
			);
			buildRules = (
			);
			dependencies = (
				1FDE4AC227623D98002879F8 /* PBXTargetDependency */,
			);
			name = "Unit Tests";
			productName = "Unit Tests";
			productReference = 1FDE4ABD27623D98002879F8 /* Unit Tests.xctest */;
			productType = "com.apple.product-type.bundle.unit-test";
		};
/* End PBXNativeTarget section */

/* Begin PBXProject section */
		1FC26AC4276117B0003B8162 /* Project object */ = {
			isa = PBXProject;
			attributes = {
				BuildIndependentTargetsInParallel = 1;
				LastSwiftUpdateCheck = 1310;
				LastUpgradeCheck = 1310;
				TargetAttributes = {
					1FC26ACB276117B0003B8162 = {
						CreatedOnToolsVersion = 13.1;
					};
					1FDE4ABC27623D98002879F8 = {
						CreatedOnToolsVersion = 13.1;
						TestTargetID = 1FC26ACB276117B0003B8162;
					};
				};
			};
			buildConfigurationList = 1FC26AC7276117B0003B8162 /* Build configuration list for PBXProject "TenElephants" */;
			compatibilityVersion = "Xcode 13.0";
			developmentRegion = en;
			hasScannedForEncodings = 0;
			knownRegions = (
				en,
				Base,
			);
			mainGroup = 1FC26AC3276117B0003B8162;
			productRefGroup = 1FC26ACD276117B0003B8162 /* Products */;
			projectDirPath = "";
			projectRoot = "";
			targets = (
				1FC26ACB276117B0003B8162 /* TenElephants */,
				1FDE4ABC27623D98002879F8 /* Unit Tests */,
			);
		};
/* End PBXProject section */

/* Begin PBXResourcesBuildPhase section */
		1FC26ACA276117B0003B8162 /* Resources */ = {
			isa = PBXResourcesBuildPhase;
			buildActionMask = 2147483647;
			files = (
				4266C20227676411009E9BCD /* Main.storyboard in Resources */,
				1FC26ADC276117B2003B8162 /* LaunchScreen.storyboard in Resources */,
				1FC26AD9276117B2003B8162 /* Assets.xcassets in Resources */,
			);
			runOnlyForDeploymentPostprocessing = 0;
		};
		1FDE4ABB27623D98002879F8 /* Resources */ = {
			isa = PBXResourcesBuildPhase;
			buildActionMask = 2147483647;
			files = (
			);
			runOnlyForDeploymentPostprocessing = 0;
		};
/* End PBXResourcesBuildPhase section */

/* Begin PBXSourcesBuildPhase section */
		1FC26AC8276117B0003B8162 /* Sources */ = {
			isa = PBXSourcesBuildPhase;
			buildActionMask = 2147483647;
			files = (
				1F746E292767779A00BF0EC1 /* CachedImageFetcher.swift in Sources */,
				43E8CEDF276BD31B00C3F357 /* UICocktail.swift in Sources */,
				1FDE4AB1276216CF002879F8 /* TabBarController.swift in Sources */,
				430F422F2764BF75001DE6BB /* MealsDataProvider.swift in Sources */,
				1FDE4AB3276216DF002879F8 /* SearchPageController.swift in Sources */,
				DF3589192767AA5A002C6221 /* MealSuggestionDataSource.swift in Sources */,
				DF8B989D276BB92300EB2B0C /* LoadingSplashScreen.swift in Sources */,
				DF35891D2767AAA7002C6221 /* SearchPageViewFactory.swift in Sources */,
				4266C1FA27673D18009E9BCD /* NetworkServiceProtocol.swift in Sources */,
				4266C1FB27673D18009E9BCD /* NetworkService.swift in Sources */,
				DF30420B2766814C0066DBEF /* RoundButtonWithBlur.swift in Sources */,
				DFB4C1102768E68F002CE4A0 /* IngredientSuggestions.swift in Sources */,
				430F42312764BFE3001DE6BB /* MealsDataProviderStub.swift in Sources */,
				43BEF2842761F68700E42C33 /* Meals.swift in Sources */,
				DF35891B2767AA5A002C6221 /* ingredientDataSource.swift in Sources */,
				DFB4C1082767B6C2002CE4A0 /* IngredientSuggestionCell.swift in Sources */,
				43BEF28B27628A5200E42C33 /* GenericCodingKeys.swift in Sources */,
				DFB4C10E2768BF71002CE4A0 /* RecentsProvider.swift in Sources */,
				DF8B9899276B6B1900EB2B0C /* NothingFoundStack.swift in Sources */,
				42B0ADC9276CF7CC00589196 /* IngredientsDataProvider.swift in Sources */,
				43BEF286276215C700E42C33 /* Ingredient.swift in Sources */,
				4266C204276A0FD7009E9BCD /* ExponentialBackoffDelayCalculator.swift in Sources */,
				1FC26AD0276117B0003B8162 /* AppDelegate.swift in Sources */,
				1FDE4AB5276216F2002879F8 /* TrendPageController.swift in Sources */,
				430F423B27676FD4001DE6BB /* HeaderCollectionView.swift in Sources */,
				1FC26AD2276117B0003B8162 /* SceneDelegate.swift in Sources */,
				DFB4C10C2768BEDE002CE4A0 /* RecentsProviderProtocol.swift in Sources */,
				4266C1FC27673D18009E9BCD /* RequestUtils.swift in Sources */,
				DF30420D276687990066DBEF /* LikeButton.swift in Sources */,
				42B0ADCD276CF7E500589196 /* IngredientTableCell.swift in Sources */,
				1FDE4AB727621782002879F8 /* MealPageController.swift in Sources */,
				42B0ADC8276CF7CC00589196 /* IngredientsDataProviderNetwork.swift in Sources */,
				42B0ADCF276CF7EF00589196 /* IngredientsPageController.swift in Sources */,
				14FD76823CBB2F9664A153F7 /* WideCellView.swift in Sources */,
				DF35891A2767AA5A002C6221 /* ResultMealDataSource.swift in Sources */,
				14FD7F4FED201791E182456E /* MealViewFactory.swift in Sources */,
				430F423927672C45001DE6BB /* PreviewCellView.swift in Sources */,
				43E8CEDB276B7E6300C3F357 /* Cocktails.swift in Sources */,
				14FD770FF738AD41E178659A /* LikePageController.swift in Sources */,
				DFFF8F0A276CAB680094AA69 /* CellBackgroundColor.swift in Sources */,
				14FD7E1D0C8CE63093E664E8 /* UIMeals.swift in Sources */,
				43E8CED92768A54100C3F357 /* MealsDataProviderNetwork.swift in Sources */,
				14FD7008E421CB109D5A4261 /* NSMutableArray+Fill+Convert.swift in Sources */,
				42B0ADCC276CF7E500589196 /* IngredientsHeaderTableCell.swift in Sources */,
				14FD7471271590098ABF41D3 /* DBDataProvider.swift in Sources */,
			);
			runOnlyForDeploymentPostprocessing = 0;
		};
		1FDE4AB927623D98002879F8 /* Sources */ = {
			isa = PBXSourcesBuildPhase;
			buildActionMask = 2147483647;
			files = (
				1FDE4AC027623D98002879F8 /* Unit_Tests.swift in Sources */,
			);
			runOnlyForDeploymentPostprocessing = 0;
		};
/* End PBXSourcesBuildPhase section */

/* Begin PBXTargetDependency section */
		1FDE4AC227623D98002879F8 /* PBXTargetDependency */ = {
			isa = PBXTargetDependency;
			target = 1FC26ACB276117B0003B8162 /* TenElephants */;
			targetProxy = 1FDE4AC127623D98002879F8 /* PBXContainerItemProxy */;
		};
/* End PBXTargetDependency section */

/* Begin PBXVariantGroup section */
		1FC26ADA276117B2003B8162 /* LaunchScreen.storyboard */ = {
			isa = PBXVariantGroup;
			children = (
				1FC26ADB276117B2003B8162 /* Base */,
			);
			name = LaunchScreen.storyboard;
			sourceTree = "<group>";
		};
		4266C20027676411009E9BCD /* Main.storyboard */ = {
			isa = PBXVariantGroup;
			children = (
				4266C20127676411009E9BCD /* Base */,
			);
			name = Main.storyboard;
			sourceTree = "<group>";
		};
/* End PBXVariantGroup section */

/* Begin XCBuildConfiguration section */
		1FC26ADE276117B2003B8162 /* Debug */ = {
			isa = XCBuildConfiguration;
			buildSettings = {
				ALWAYS_SEARCH_USER_PATHS = NO;
				CLANG_ANALYZER_NONNULL = YES;
				CLANG_ANALYZER_NUMBER_OBJECT_CONVERSION = YES_AGGRESSIVE;
				CLANG_CXX_LANGUAGE_STANDARD = "gnu++17";
				CLANG_CXX_LIBRARY = "libc++";
				CLANG_ENABLE_MODULES = YES;
				CLANG_ENABLE_OBJC_ARC = YES;
				CLANG_ENABLE_OBJC_WEAK = YES;
				CLANG_WARN_BLOCK_CAPTURE_AUTORELEASING = YES;
				CLANG_WARN_BOOL_CONVERSION = YES;
				CLANG_WARN_COMMA = YES;
				CLANG_WARN_CONSTANT_CONVERSION = YES;
				CLANG_WARN_DEPRECATED_OBJC_IMPLEMENTATIONS = YES;
				CLANG_WARN_DIRECT_OBJC_ISA_USAGE = YES_ERROR;
				CLANG_WARN_DOCUMENTATION_COMMENTS = YES;
				CLANG_WARN_EMPTY_BODY = YES;
				CLANG_WARN_ENUM_CONVERSION = YES;
				CLANG_WARN_INFINITE_RECURSION = YES;
				CLANG_WARN_INT_CONVERSION = YES;
				CLANG_WARN_NON_LITERAL_NULL_CONVERSION = YES;
				CLANG_WARN_OBJC_IMPLICIT_RETAIN_SELF = YES;
				CLANG_WARN_OBJC_LITERAL_CONVERSION = YES;
				CLANG_WARN_OBJC_ROOT_CLASS = YES_ERROR;
				CLANG_WARN_QUOTED_INCLUDE_IN_FRAMEWORK_HEADER = YES;
				CLANG_WARN_RANGE_LOOP_ANALYSIS = YES;
				CLANG_WARN_STRICT_PROTOTYPES = YES;
				CLANG_WARN_SUSPICIOUS_MOVE = YES;
				CLANG_WARN_UNGUARDED_AVAILABILITY = YES_AGGRESSIVE;
				CLANG_WARN_UNREACHABLE_CODE = YES;
				CLANG_WARN__DUPLICATE_METHOD_MATCH = YES;
				COPY_PHASE_STRIP = NO;
				DEBUG_INFORMATION_FORMAT = dwarf;
				ENABLE_STRICT_OBJC_MSGSEND = YES;
				ENABLE_TESTABILITY = YES;
				GCC_C_LANGUAGE_STANDARD = gnu11;
				GCC_DYNAMIC_NO_PIC = NO;
				GCC_NO_COMMON_BLOCKS = YES;
				GCC_OPTIMIZATION_LEVEL = 0;
				GCC_PREPROCESSOR_DEFINITIONS = (
					"DEBUG=1",
					"$(inherited)",
				);
				GCC_WARN_64_TO_32_BIT_CONVERSION = YES;
				GCC_WARN_ABOUT_RETURN_TYPE = YES_ERROR;
				GCC_WARN_UNDECLARED_SELECTOR = YES;
				GCC_WARN_UNINITIALIZED_AUTOS = YES_AGGRESSIVE;
				GCC_WARN_UNUSED_FUNCTION = YES;
				GCC_WARN_UNUSED_VARIABLE = YES;
				IPHONEOS_DEPLOYMENT_TARGET = 15.0;
				MTL_ENABLE_DEBUG_INFO = INCLUDE_SOURCE;
				MTL_FAST_MATH = YES;
				ONLY_ACTIVE_ARCH = YES;
				SDKROOT = iphoneos;
				SWIFT_ACTIVE_COMPILATION_CONDITIONS = DEBUG;
				SWIFT_OPTIMIZATION_LEVEL = "-Onone";
			};
			name = Debug;
		};
		1FC26ADF276117B2003B8162 /* Release */ = {
			isa = XCBuildConfiguration;
			buildSettings = {
				ALWAYS_SEARCH_USER_PATHS = NO;
				CLANG_ANALYZER_NONNULL = YES;
				CLANG_ANALYZER_NUMBER_OBJECT_CONVERSION = YES_AGGRESSIVE;
				CLANG_CXX_LANGUAGE_STANDARD = "gnu++17";
				CLANG_CXX_LIBRARY = "libc++";
				CLANG_ENABLE_MODULES = YES;
				CLANG_ENABLE_OBJC_ARC = YES;
				CLANG_ENABLE_OBJC_WEAK = YES;
				CLANG_WARN_BLOCK_CAPTURE_AUTORELEASING = YES;
				CLANG_WARN_BOOL_CONVERSION = YES;
				CLANG_WARN_COMMA = YES;
				CLANG_WARN_CONSTANT_CONVERSION = YES;
				CLANG_WARN_DEPRECATED_OBJC_IMPLEMENTATIONS = YES;
				CLANG_WARN_DIRECT_OBJC_ISA_USAGE = YES_ERROR;
				CLANG_WARN_DOCUMENTATION_COMMENTS = YES;
				CLANG_WARN_EMPTY_BODY = YES;
				CLANG_WARN_ENUM_CONVERSION = YES;
				CLANG_WARN_INFINITE_RECURSION = YES;
				CLANG_WARN_INT_CONVERSION = YES;
				CLANG_WARN_NON_LITERAL_NULL_CONVERSION = YES;
				CLANG_WARN_OBJC_IMPLICIT_RETAIN_SELF = YES;
				CLANG_WARN_OBJC_LITERAL_CONVERSION = YES;
				CLANG_WARN_OBJC_ROOT_CLASS = YES_ERROR;
				CLANG_WARN_QUOTED_INCLUDE_IN_FRAMEWORK_HEADER = YES;
				CLANG_WARN_RANGE_LOOP_ANALYSIS = YES;
				CLANG_WARN_STRICT_PROTOTYPES = YES;
				CLANG_WARN_SUSPICIOUS_MOVE = YES;
				CLANG_WARN_UNGUARDED_AVAILABILITY = YES_AGGRESSIVE;
				CLANG_WARN_UNREACHABLE_CODE = YES;
				CLANG_WARN__DUPLICATE_METHOD_MATCH = YES;
				COPY_PHASE_STRIP = NO;
				DEBUG_INFORMATION_FORMAT = "dwarf-with-dsym";
				ENABLE_NS_ASSERTIONS = NO;
				ENABLE_STRICT_OBJC_MSGSEND = YES;
				GCC_C_LANGUAGE_STANDARD = gnu11;
				GCC_NO_COMMON_BLOCKS = YES;
				GCC_WARN_64_TO_32_BIT_CONVERSION = YES;
				GCC_WARN_ABOUT_RETURN_TYPE = YES_ERROR;
				GCC_WARN_UNDECLARED_SELECTOR = YES;
				GCC_WARN_UNINITIALIZED_AUTOS = YES_AGGRESSIVE;
				GCC_WARN_UNUSED_FUNCTION = YES;
				GCC_WARN_UNUSED_VARIABLE = YES;
				IPHONEOS_DEPLOYMENT_TARGET = 15.0;
				MTL_ENABLE_DEBUG_INFO = NO;
				MTL_FAST_MATH = YES;
				SDKROOT = iphoneos;
				SWIFT_COMPILATION_MODE = wholemodule;
				SWIFT_OPTIMIZATION_LEVEL = "-O";
				VALIDATE_PRODUCT = YES;
			};
			name = Release;
		};
		1FC26AE1276117B2003B8162 /* Debug */ = {
			isa = XCBuildConfiguration;
			buildSettings = {
				ASSETCATALOG_COMPILER_APPICON_NAME = AppIcon;
				ASSETCATALOG_COMPILER_GLOBAL_ACCENT_COLOR_NAME = AccentColor;
				CODE_SIGN_STYLE = Automatic;
				CURRENT_PROJECT_VERSION = 1;
				DEVELOPMENT_TEAM = PZG97Y5PWY;
				GENERATE_INFOPLIST_FILE = YES;
				INFOPLIST_FILE = TenElephants/Info.plist;
				INFOPLIST_KEY_UIApplicationSupportsIndirectInputEvents = YES;
				INFOPLIST_KEY_UILaunchStoryboardName = LaunchScreen;
				INFOPLIST_KEY_UISupportedInterfaceOrientations = UIInterfaceOrientationPortrait;
				INFOPLIST_KEY_UISupportedInterfaceOrientations_iPad = "UIInterfaceOrientationPortrait UIInterfaceOrientationPortraitUpsideDown UIInterfaceOrientationLandscapeLeft UIInterfaceOrientationLandscapeRight";
				INFOPLIST_KEY_UISupportedInterfaceOrientations_iPhone = "UIInterfaceOrientationPortrait UIInterfaceOrientationLandscapeLeft UIInterfaceOrientationLandscapeRight";
				IPHONEOS_DEPLOYMENT_TARGET = 13.0;
				LD_RUNPATH_SEARCH_PATHS = (
					"$(inherited)",
					"@executable_path/Frameworks",
				);
				MARKETING_VERSION = 0.1;
				PRODUCT_BUNDLE_IDENTIFIER = "elephants.Ten-Elephants";
				PRODUCT_NAME = "$(TARGET_NAME)";
				SWIFT_EMIT_LOC_STRINGS = YES;
				SWIFT_VERSION = 5.0;
				TARGETED_DEVICE_FAMILY = 1;
			};
			name = Debug;
		};
		1FC26AE2276117B2003B8162 /* Release */ = {
			isa = XCBuildConfiguration;
			buildSettings = {
				ASSETCATALOG_COMPILER_APPICON_NAME = AppIcon;
				ASSETCATALOG_COMPILER_GLOBAL_ACCENT_COLOR_NAME = AccentColor;
				CODE_SIGN_STYLE = Automatic;
				CURRENT_PROJECT_VERSION = 1;
				DEVELOPMENT_TEAM = PZG97Y5PWY;
				GENERATE_INFOPLIST_FILE = YES;
				INFOPLIST_FILE = TenElephants/Info.plist;
				INFOPLIST_KEY_UIApplicationSupportsIndirectInputEvents = YES;
				INFOPLIST_KEY_UILaunchStoryboardName = LaunchScreen;
				INFOPLIST_KEY_UISupportedInterfaceOrientations = UIInterfaceOrientationPortrait;
				INFOPLIST_KEY_UISupportedInterfaceOrientations_iPad = "UIInterfaceOrientationPortrait UIInterfaceOrientationPortraitUpsideDown UIInterfaceOrientationLandscapeLeft UIInterfaceOrientationLandscapeRight";
				INFOPLIST_KEY_UISupportedInterfaceOrientations_iPhone = "UIInterfaceOrientationPortrait UIInterfaceOrientationLandscapeLeft UIInterfaceOrientationLandscapeRight";
				IPHONEOS_DEPLOYMENT_TARGET = 13.0;
				LD_RUNPATH_SEARCH_PATHS = (
					"$(inherited)",
					"@executable_path/Frameworks",
				);
				MARKETING_VERSION = 0.1;
				PRODUCT_BUNDLE_IDENTIFIER = "elephants.Ten-Elephants";
				PRODUCT_NAME = "$(TARGET_NAME)";
				SWIFT_EMIT_LOC_STRINGS = YES;
				SWIFT_VERSION = 5.0;
				TARGETED_DEVICE_FAMILY = 1;
			};
			name = Release;
		};
		1FDE4AC327623D98002879F8 /* Debug */ = {
			isa = XCBuildConfiguration;
			buildSettings = {
				BUNDLE_LOADER = "$(TEST_HOST)";
				CODE_SIGN_STYLE = Automatic;
				CURRENT_PROJECT_VERSION = 1;
				DEVELOPMENT_TEAM = PZG97Y5PWY;
				GENERATE_INFOPLIST_FILE = YES;
				LD_RUNPATH_SEARCH_PATHS = (
					"$(inherited)",
					"@executable_path/Frameworks",
					"@loader_path/Frameworks",
				);
				MARKETING_VERSION = 1.0;
				PRODUCT_BUNDLE_IDENTIFIER = "elephants.Unit-Tests";
				PRODUCT_NAME = "$(TARGET_NAME)";
				SWIFT_EMIT_LOC_STRINGS = NO;
				SWIFT_VERSION = 5.0;
				TARGETED_DEVICE_FAMILY = "1,2";
				TEST_HOST = "$(BUILT_PRODUCTS_DIR)/TenElephants.app/TenElephants";
			};
			name = Debug;
		};
		1FDE4AC427623D98002879F8 /* Release */ = {
			isa = XCBuildConfiguration;
			buildSettings = {
				BUNDLE_LOADER = "$(TEST_HOST)";
				CODE_SIGN_STYLE = Automatic;
				CURRENT_PROJECT_VERSION = 1;
				DEVELOPMENT_TEAM = PZG97Y5PWY;
				GENERATE_INFOPLIST_FILE = YES;
				LD_RUNPATH_SEARCH_PATHS = (
					"$(inherited)",
					"@executable_path/Frameworks",
					"@loader_path/Frameworks",
				);
				MARKETING_VERSION = 1.0;
				PRODUCT_BUNDLE_IDENTIFIER = "elephants.Unit-Tests";
				PRODUCT_NAME = "$(TARGET_NAME)";
				SWIFT_EMIT_LOC_STRINGS = NO;
				SWIFT_VERSION = 5.0;
				TARGETED_DEVICE_FAMILY = "1,2";
				TEST_HOST = "$(BUILT_PRODUCTS_DIR)/TenElephants.app/TenElephants";
			};
			name = Release;
		};
/* End XCBuildConfiguration section */

/* Begin XCConfigurationList section */
		1FC26AC7276117B0003B8162 /* Build configuration list for PBXProject "TenElephants" */ = {
			isa = XCConfigurationList;
			buildConfigurations = (
				1FC26ADE276117B2003B8162 /* Debug */,
				1FC26ADF276117B2003B8162 /* Release */,
			);
			defaultConfigurationIsVisible = 0;
			defaultConfigurationName = Release;
		};
		1FC26AE0276117B2003B8162 /* Build configuration list for PBXNativeTarget "TenElephants" */ = {
			isa = XCConfigurationList;
			buildConfigurations = (
				1FC26AE1276117B2003B8162 /* Debug */,
				1FC26AE2276117B2003B8162 /* Release */,
			);
			defaultConfigurationIsVisible = 0;
			defaultConfigurationName = Release;
		};
		1FDE4AC527623D98002879F8 /* Build configuration list for PBXNativeTarget "Unit Tests" */ = {
			isa = XCConfigurationList;
			buildConfigurations = (
				1FDE4AC327623D98002879F8 /* Debug */,
				1FDE4AC427623D98002879F8 /* Release */,
			);
			defaultConfigurationIsVisible = 0;
			defaultConfigurationName = Release;
		};
/* End XCConfigurationList section */
	};
	rootObject = 1FC26AC4276117B0003B8162 /* Project object */;
}
