// !$*UTF8*$!
{
	archiveVersion = 1;
	classes = {
	};
	objectVersion = 55;
	objects = {

/* Begin PBXBuildFile section */
		1FC26AD0276117B0003B8162 /* AppDelegate.swift in Sources */ = {isa = PBXBuildFile; fileRef = 1FC26ACF276117B0003B8162 /* AppDelegate.swift */; };
		1FC26AD2276117B0003B8162 /* SceneDelegate.swift in Sources */ = {isa = PBXBuildFile; fileRef = 1FC26AD1276117B0003B8162 /* SceneDelegate.swift */; };
		1FC26AD9276117B2003B8162 /* Assets.xcassets in Resources */ = {isa = PBXBuildFile; fileRef = 1FC26AD8276117B2003B8162 /* Assets.xcassets */; };
		1FC26ADC276117B2003B8162 /* LaunchScreen.storyboard in Resources */ = {isa = PBXBuildFile; fileRef = 1FC26ADA276117B2003B8162 /* LaunchScreen.storyboard */; };
		1FDE4AB1276216CF002879F8 /* TabBarController.swift in Sources */ = {isa = PBXBuildFile; fileRef = 1FDE4AB0276216CF002879F8 /* TabBarController.swift */; };
		1FDE4AB3276216DF002879F8 /* SearchPageController.swift in Sources */ = {isa = PBXBuildFile; fileRef = 1FDE4AB2276216DF002879F8 /* SearchPageController.swift */; };
		1FDE4AB5276216F2002879F8 /* TrendPageController.swift in Sources */ = {isa = PBXBuildFile; fileRef = 1FDE4AB4276216F2002879F8 /* TrendPageController.swift */; };
		1FDE4AB727621782002879F8 /* MealPageController.swift in Sources */ = {isa = PBXBuildFile; fileRef = 1FDE4AB627621782002879F8 /* MealPageController.swift */; };
		1FDE4AC027623D98002879F8 /* Unit_Tests.swift in Sources */ = {isa = PBXBuildFile; fileRef = 1FDE4ABF27623D98002879F8 /* Unit_Tests.swift */; };
		430F422F2764BF75001DE6BB /* MealsDataProvider.swift in Sources */ = {isa = PBXBuildFile; fileRef = 430F422E2764BF75001DE6BB /* MealsDataProvider.swift */; };
		430F42312764BFE3001DE6BB /* MealsDataProviderStub.swift in Sources */ = {isa = PBXBuildFile; fileRef = 430F42302764BFE3001DE6BB /* MealsDataProviderStub.swift */; };
		43BEF2842761F68700E42C33 /* Meals.swift in Sources */ = {isa = PBXBuildFile; fileRef = 43BEF2832761F68700E42C33 /* Meals.swift */; };
		43BEF286276215C700E42C33 /* Ingredient.swift in Sources */ = {isa = PBXBuildFile; fileRef = 43BEF285276215C700E42C33 /* Ingredient.swift */; };
		43BEF28B27628A5200E42C33 /* GenericCodingKeys.swift in Sources */ = {isa = PBXBuildFile; fileRef = 43BEF28A27628A5200E42C33 /* GenericCodingKeys.swift */; };
		DFAA85CC2764BB4A0032DC85 /* Fake.swift in Sources */ = {isa = PBXBuildFile; fileRef = DFAA85CB2764BB490032DC85 /* Fake.swift */; };
		E9E710752766773600C49F48 /* MealViewFactory.swift in Sources */ = {isa = PBXBuildFile; fileRef = E9E710732766773600C49F48 /* MealViewFactory.swift */; };
		E9E710762766773600C49F48 /* AddBlurEffect.swift in Sources */ = {isa = PBXBuildFile; fileRef = E9E710742766773600C49F48 /* AddBlurEffect.swift */; };
/* End PBXBuildFile section */

/* Begin PBXContainerItemProxy section */
		1FDE4AC127623D98002879F8 /* PBXContainerItemProxy */ = {
			isa = PBXContainerItemProxy;
			containerPortal = 1FC26AC4276117B0003B8162 /* Project object */;
			proxyType = 1;
			remoteGlobalIDString = 1FC26ACB276117B0003B8162;
			remoteInfo = "Ten Elephants";
		};
/* End PBXContainerItemProxy section */

/* Begin PBXFileReference section */
		1FC26ACC276117B0003B8162 /* Ten Elephants.app */ = {isa = PBXFileReference; explicitFileType = wrapper.application; includeInIndex = 0; path = "Ten Elephants.app"; sourceTree = BUILT_PRODUCTS_DIR; };
		1FC26ACF276117B0003B8162 /* AppDelegate.swift */ = {isa = PBXFileReference; lastKnownFileType = sourcecode.swift; path = AppDelegate.swift; sourceTree = "<group>"; };
		1FC26AD1276117B0003B8162 /* SceneDelegate.swift */ = {isa = PBXFileReference; lastKnownFileType = sourcecode.swift; path = SceneDelegate.swift; sourceTree = "<group>"; };
		1FC26AD8276117B2003B8162 /* Assets.xcassets */ = {isa = PBXFileReference; lastKnownFileType = folder.assetcatalog; path = Assets.xcassets; sourceTree = "<group>"; };
		1FC26ADB276117B2003B8162 /* Base */ = {isa = PBXFileReference; lastKnownFileType = file.storyboard; name = Base; path = Base.lproj/LaunchScreen.storyboard; sourceTree = "<group>"; };
		1FC26ADD276117B2003B8162 /* Info.plist */ = {isa = PBXFileReference; lastKnownFileType = text.plist.xml; path = Info.plist; sourceTree = "<group>"; };
		1FDE4AB0276216CF002879F8 /* TabBarController.swift */ = {isa = PBXFileReference; lastKnownFileType = sourcecode.swift; path = TabBarController.swift; sourceTree = "<group>"; };
		1FDE4AB2276216DF002879F8 /* SearchPageController.swift */ = {isa = PBXFileReference; lastKnownFileType = sourcecode.swift; path = SearchPageController.swift; sourceTree = "<group>"; };
		1FDE4AB4276216F2002879F8 /* TrendPageController.swift */ = {isa = PBXFileReference; lastKnownFileType = sourcecode.swift; path = TrendPageController.swift; sourceTree = "<group>"; };
		1FDE4AB627621782002879F8 /* MealPageController.swift */ = {isa = PBXFileReference; lastKnownFileType = sourcecode.swift; path = MealPageController.swift; sourceTree = "<group>"; };
		1FDE4ABD27623D98002879F8 /* Unit Tests.xctest */ = {isa = PBXFileReference; explicitFileType = wrapper.cfbundle; includeInIndex = 0; path = "Unit Tests.xctest"; sourceTree = BUILT_PRODUCTS_DIR; };
		1FDE4ABF27623D98002879F8 /* Unit_Tests.swift */ = {isa = PBXFileReference; lastKnownFileType = sourcecode.swift; path = Unit_Tests.swift; sourceTree = "<group>"; };
		430F422E2764BF75001DE6BB /* MealsDataProvider.swift */ = {isa = PBXFileReference; fileEncoding = 4; lastKnownFileType = sourcecode.swift; path = MealsDataProvider.swift; sourceTree = "<group>"; };
		430F42302764BFE3001DE6BB /* MealsDataProviderStub.swift */ = {isa = PBXFileReference; fileEncoding = 4; lastKnownFileType = sourcecode.swift; path = MealsDataProviderStub.swift; sourceTree = "<group>"; };
		43BEF2832761F68700E42C33 /* Meals.swift */ = {isa = PBXFileReference; lastKnownFileType = sourcecode.swift; path = Meals.swift; sourceTree = "<group>"; };
		43BEF285276215C700E42C33 /* Ingredient.swift */ = {isa = PBXFileReference; lastKnownFileType = sourcecode.swift; path = Ingredient.swift; sourceTree = "<group>"; };
		43BEF28A27628A5200E42C33 /* GenericCodingKeys.swift */ = {isa = PBXFileReference; fileEncoding = 4; lastKnownFileType = sourcecode.swift; path = GenericCodingKeys.swift; sourceTree = "<group>"; };
		DFAA85CB2764BB490032DC85 /* Fake.swift */ = {isa = PBXFileReference; fileEncoding = 4; lastKnownFileType = sourcecode.swift; path = Fake.swift; sourceTree = "<group>"; };
		E9E710732766773600C49F48 /* MealViewFactory.swift */ = {isa = PBXFileReference; fileEncoding = 4; lastKnownFileType = sourcecode.swift; path = MealViewFactory.swift; sourceTree = "<group>"; };
		E9E710742766773600C49F48 /* AddBlurEffect.swift */ = {isa = PBXFileReference; fileEncoding = 4; lastKnownFileType = sourcecode.swift; path = AddBlurEffect.swift; sourceTree = "<group>"; };
/* End PBXFileReference section */

/* Begin PBXFrameworksBuildPhase section */
		1FC26AC9276117B0003B8162 /* Frameworks */ = {
			isa = PBXFrameworksBuildPhase;
			buildActionMask = 2147483647;
			files = (
			);
			runOnlyForDeploymentPostprocessing = 0;
		};
		1FDE4ABA27623D98002879F8 /* Frameworks */ = {
			isa = PBXFrameworksBuildPhase;
			buildActionMask = 2147483647;
			files = (
			);
			runOnlyForDeploymentPostprocessing = 0;
		};
/* End PBXFrameworksBuildPhase section */

/* Begin PBXGroup section */
		1FC26AC3276117B0003B8162 = {
			isa = PBXGroup;
			children = (
				1FC26ACE276117B0003B8162 /* Ten Elephants */,
				1FDE4ABE27623D98002879F8 /* Unit Tests */,
				1FC26ACD276117B0003B8162 /* Products */,
			);
			sourceTree = "<group>";
		};
		1FC26ACD276117B0003B8162 /* Products */ = {
			isa = PBXGroup;
			children = (
				1FC26ACC276117B0003B8162 /* Ten Elephants.app */,
				1FDE4ABD27623D98002879F8 /* Unit Tests.xctest */,
			);
			name = Products;
			sourceTree = "<group>";
		};
		1FC26ACE276117B0003B8162 /* Ten Elephants */ = {
			isa = PBXGroup;
			children = (
				430F4228276399AA001DE6BB /* DataProvider */,
				43BEF2822761F67200E42C33 /* Models */,
				1FC26AD1276117B0003B8162 /* SceneDelegate.swift */,
				1FC26ACF276117B0003B8162 /* AppDelegate.swift */,
				1FDE4AB827621798002879F8 /* Views */,
				1FDE4AAF2762166A002879F8 /* Controllers */,
				1FC26AD8276117B2003B8162 /* Assets.xcassets */,
				1FC26ADA276117B2003B8162 /* LaunchScreen.storyboard */,
				1FC26ADD276117B2003B8162 /* Info.plist */,
			);
			path = "Ten Elephants";
			sourceTree = "<group>";
		};
		1FDE4AAF2762166A002879F8 /* Controllers */ = {
			isa = PBXGroup;
			children = (
				1FDE4AB0276216CF002879F8 /* TabBarController.swift */,
				1FDE4AB4276216F2002879F8 /* TrendPageController.swift */,
				1FDE4AB2276216DF002879F8 /* SearchPageController.swift */,
				1FDE4AB627621782002879F8 /* MealPageController.swift */,
			);
			path = Controllers;
			sourceTree = "<group>";
		};
		1FDE4AB827621798002879F8 /* Views */ = {
			isa = PBXGroup;
			children = (
				E9E710742766773600C49F48 /* AddBlurEffect.swift */,
				E9E710732766773600C49F48 /* MealViewFactory.swift */,
			);
			path = Views;
			sourceTree = "<group>";
		};
		1FDE4ABE27623D98002879F8 /* Unit Tests */ = {
			isa = PBXGroup;
			children = (
				1FDE4ABF27623D98002879F8 /* Unit_Tests.swift */,
			);
			path = "Unit Tests";
			sourceTree = "<group>";
		};
		430F4228276399AA001DE6BB /* DataProvider */ = {
			isa = PBXGroup;
			children = (
				430F42302764BFE3001DE6BB /* MealsDataProviderStub.swift */,
				430F422E2764BF75001DE6BB /* MealsDataProvider.swift */,
			);
			path = DataProvider;
			sourceTree = "<group>";
		};
		43BEF2822761F67200E42C33 /* Models */ = {
			isa = PBXGroup;
			children = (
				DFAA85CB2764BB490032DC85 /* Fake.swift */,
				43BEF28A27628A5200E42C33 /* GenericCodingKeys.swift */,
				43BEF2832761F68700E42C33 /* Meals.swift */,
				43BEF285276215C700E42C33 /* Ingredient.swift */,
			);
			path = Models;
			sourceTree = "<group>";
		};
/* End PBXGroup section */

/* Begin PBXNativeTarget section */
		1FC26ACB276117B0003B8162 /* Ten Elephants */ = {
			isa = PBXNativeTarget;
			buildConfigurationList = 1FC26AE0276117B2003B8162 /* Build configuration list for PBXNativeTarget "Ten Elephants" */;
			buildPhases = (
				1FC26AC8276117B0003B8162 /* Sources */,
				1FC26AC9276117B0003B8162 /* Frameworks */,
				1FC26ACA276117B0003B8162 /* Resources */,
			);
			buildRules = (
			);
			dependencies = (
			);
			name = "Ten Elephants";
			productName = "Ten Elephants";
			productReference = 1FC26ACC276117B0003B8162 /* Ten Elephants.app */;
			productType = "com.apple.product-type.application";
		};
		1FDE4ABC27623D98002879F8 /* Unit Tests */ = {
			isa = PBXNativeTarget;
			buildConfigurationList = 1FDE4AC527623D98002879F8 /* Build configuration list for PBXNativeTarget "Unit Tests" */;
			buildPhases = (
				1FDE4AB927623D98002879F8 /* Sources */,
				1FDE4ABA27623D98002879F8 /* Frameworks */,
				1FDE4ABB27623D98002879F8 /* Resources */,
			);
			buildRules = (
			);
			dependencies = (
				1FDE4AC227623D98002879F8 /* PBXTargetDependency */,
			);
			name = "Unit Tests";
			productName = "Unit Tests";
			productReference = 1FDE4ABD27623D98002879F8 /* Unit Tests.xctest */;
			productType = "com.apple.product-type.bundle.unit-test";
		};
/* End PBXNativeTarget section */

/* Begin PBXProject section */
		1FC26AC4276117B0003B8162 /* Project object */ = {
			isa = PBXProject;
			attributes = {
				BuildIndependentTargetsInParallel = 1;
				LastSwiftUpdateCheck = 1310;
				LastUpgradeCheck = 1310;
				TargetAttributes = {
					1FC26ACB276117B0003B8162 = {
						CreatedOnToolsVersion = 13.1;
					};
					1FDE4ABC27623D98002879F8 = {
						CreatedOnToolsVersion = 13.1;
						TestTargetID = 1FC26ACB276117B0003B8162;
					};
				};
			};
			buildConfigurationList = 1FC26AC7276117B0003B8162 /* Build configuration list for PBXProject "Ten Elephants" */;
			compatibilityVersion = "Xcode 13.0";
			developmentRegion = en;
			hasScannedForEncodings = 0;
			knownRegions = (
				en,
				Base,
			);
			mainGroup = 1FC26AC3276117B0003B8162;
			productRefGroup = 1FC26ACD276117B0003B8162 /* Products */;
			projectDirPath = "";
			projectRoot = "";
			targets = (
				1FC26ACB276117B0003B8162 /* Ten Elephants */,
				1FDE4ABC27623D98002879F8 /* Unit Tests */,
			);
		};
/* End PBXProject section */

/* Begin PBXResourcesBuildPhase section */
		1FC26ACA276117B0003B8162 /* Resources */ = {
			isa = PBXResourcesBuildPhase;
			buildActionMask = 2147483647;
			files = (
				1FC26ADC276117B2003B8162 /* LaunchScreen.storyboard in Resources */,
				1FC26AD9276117B2003B8162 /* Assets.xcassets in Resources */,
			);
			runOnlyForDeploymentPostprocessing = 0;
		};
		1FDE4ABB27623D98002879F8 /* Resources */ = {
			isa = PBXResourcesBuildPhase;
			buildActionMask = 2147483647;
			files = (
			);
			runOnlyForDeploymentPostprocessing = 0;
		};
/* End PBXResourcesBuildPhase section */

/* Begin PBXSourcesBuildPhase section */
		1FC26AC8276117B0003B8162 /* Sources */ = {
			isa = PBXSourcesBuildPhase;
			buildActionMask = 2147483647;
			files = (
				DFAA85CC2764BB4A0032DC85 /* Fake.swift in Sources */,
				1FDE4AB1276216CF002879F8 /* TabBarController.swift in Sources */,
				430F422F2764BF75001DE6BB /* MealsDataProvider.swift in Sources */,
				1FDE4AB3276216DF002879F8 /* SearchPageController.swift in Sources */,
				430F42312764BFE3001DE6BB /* MealsDataProviderStub.swift in Sources */,
				43BEF2842761F68700E42C33 /* Meals.swift in Sources */,
				43BEF28B27628A5200E42C33 /* GenericCodingKeys.swift in Sources */,
				E9E710752766773600C49F48 /* MealViewFactory.swift in Sources */,
				43BEF286276215C700E42C33 /* Ingredient.swift in Sources */,
				1FC26AD0276117B0003B8162 /* AppDelegate.swift in Sources */,
				1FDE4AB5276216F2002879F8 /* TrendPageController.swift in Sources */,
				1FC26AD2276117B0003B8162 /* SceneDelegate.swift in Sources */,
				1FDE4AB727621782002879F8 /* MealPageController.swift in Sources */,
				E9E710762766773600C49F48 /* AddBlurEffect.swift in Sources */,
			);
			runOnlyForDeploymentPostprocessing = 0;
		};
		1FDE4AB927623D98002879F8 /* Sources */ = {
			isa = PBXSourcesBuildPhase;
			buildActionMask = 2147483647;
			files = (
				1FDE4AC027623D98002879F8 /* Unit_Tests.swift in Sources */,
			);
			runOnlyForDeploymentPostprocessing = 0;
		};
/* End PBXSourcesBuildPhase section */

/* Begin PBXTargetDependency section */
		1FDE4AC227623D98002879F8 /* PBXTargetDependency */ = {
			isa = PBXTargetDependency;
			target = 1FC26ACB276117B0003B8162 /* Ten Elephants */;
			targetProxy = 1FDE4AC127623D98002879F8 /* PBXContainerItemProxy */;
		};
/* End PBXTargetDependency section */

/* Begin PBXVariantGroup section */
		1FC26ADA276117B2003B8162 /* LaunchScreen.storyboard */ = {
			isa = PBXVariantGroup;
			children = (
				1FC26ADB276117B2003B8162 /* Base */,
			);
			name = LaunchScreen.storyboard;
			sourceTree = "<group>";
		};
/* End PBXVariantGroup section */

/* Begin XCBuildConfiguration section */
		1FC26ADE276117B2003B8162 /* Debug */ = {
			isa = XCBuildConfiguration;
			buildSettings = {
				ALWAYS_SEARCH_USER_PATHS = NO;
				CLANG_ANALYZER_NONNULL = YES;
				CLANG_ANALYZER_NUMBER_OBJECT_CONVERSION = YES_AGGRESSIVE;
				CLANG_CXX_LANGUAGE_STANDARD = "gnu++17";
				CLANG_CXX_LIBRARY = "libc++";
				CLANG_ENABLE_MODULES = YES;
				CLANG_ENABLE_OBJC_ARC = YES;
				CLANG_ENABLE_OBJC_WEAK = YES;
				CLANG_WARN_BLOCK_CAPTURE_AUTORELEASING = YES;
				CLANG_WARN_BOOL_CONVERSION = YES;
				CLANG_WARN_COMMA = YES;
				CLANG_WARN_CONSTANT_CONVERSION = YES;
				CLANG_WARN_DEPRECATED_OBJC_IMPLEMENTATIONS = YES;
				CLANG_WARN_DIRECT_OBJC_ISA_USAGE = YES_ERROR;
				CLANG_WARN_DOCUMENTATION_COMMENTS = YES;
				CLANG_WARN_EMPTY_BODY = YES;
				CLANG_WARN_ENUM_CONVERSION = YES;
				CLANG_WARN_INFINITE_RECURSION = YES;
				CLANG_WARN_INT_CONVERSION = YES;
				CLANG_WARN_NON_LITERAL_NULL_CONVERSION = YES;
				CLANG_WARN_OBJC_IMPLICIT_RETAIN_SELF = YES;
				CLANG_WARN_OBJC_LITERAL_CONVERSION = YES;
				CLANG_WARN_OBJC_ROOT_CLASS = YES_ERROR;
				CLANG_WARN_QUOTED_INCLUDE_IN_FRAMEWORK_HEADER = YES;
				CLANG_WARN_RANGE_LOOP_ANALYSIS = YES;
				CLANG_WARN_STRICT_PROTOTYPES = YES;
				CLANG_WARN_SUSPICIOUS_MOVE = YES;
				CLANG_WARN_UNGUARDED_AVAILABILITY = YES_AGGRESSIVE;
				CLANG_WARN_UNREACHABLE_CODE = YES;
				CLANG_WARN__DUPLICATE_METHOD_MATCH = YES;
				COPY_PHASE_STRIP = NO;
				DEBUG_INFORMATION_FORMAT = dwarf;
				ENABLE_STRICT_OBJC_MSGSEND = YES;
				ENABLE_TESTABILITY = YES;
				GCC_C_LANGUAGE_STANDARD = gnu11;
				GCC_DYNAMIC_NO_PIC = NO;
				GCC_NO_COMMON_BLOCKS = YES;
				GCC_OPTIMIZATION_LEVEL = 0;
				GCC_PREPROCESSOR_DEFINITIONS = (
					"DEBUG=1",
					"$(inherited)",
				);
				GCC_WARN_64_TO_32_BIT_CONVERSION = YES;
				GCC_WARN_ABOUT_RETURN_TYPE = YES_ERROR;
				GCC_WARN_UNDECLARED_SELECTOR = YES;
				GCC_WARN_UNINITIALIZED_AUTOS = YES_AGGRESSIVE;
				GCC_WARN_UNUSED_FUNCTION = YES;
				GCC_WARN_UNUSED_VARIABLE = YES;
				IPHONEOS_DEPLOYMENT_TARGET = 15.0;
				MTL_ENABLE_DEBUG_INFO = INCLUDE_SOURCE;
				MTL_FAST_MATH = YES;
				ONLY_ACTIVE_ARCH = YES;
				SDKROOT = iphoneos;
				SWIFT_ACTIVE_COMPILATION_CONDITIONS = DEBUG;
				SWIFT_OPTIMIZATION_LEVEL = "-Onone";
			};
			name = Debug;
		};
		1FC26ADF276117B2003B8162 /* Release */ = {
			isa = XCBuildConfiguration;
			buildSettings = {
				ALWAYS_SEARCH_USER_PATHS = NO;
				CLANG_ANALYZER_NONNULL = YES;
				CLANG_ANALYZER_NUMBER_OBJECT_CONVERSION = YES_AGGRESSIVE;
				CLANG_CXX_LANGUAGE_STANDARD = "gnu++17";
				CLANG_CXX_LIBRARY = "libc++";
				CLANG_ENABLE_MODULES = YES;
				CLANG_ENABLE_OBJC_ARC = YES;
				CLANG_ENABLE_OBJC_WEAK = YES;
				CLANG_WARN_BLOCK_CAPTURE_AUTORELEASING = YES;
				CLANG_WARN_BOOL_CONVERSION = YES;
				CLANG_WARN_COMMA = YES;
				CLANG_WARN_CONSTANT_CONVERSION = YES;
				CLANG_WARN_DEPRECATED_OBJC_IMPLEMENTATIONS = YES;
				CLANG_WARN_DIRECT_OBJC_ISA_USAGE = YES_ERROR;
				CLANG_WARN_DOCUMENTATION_COMMENTS = YES;
				CLANG_WARN_EMPTY_BODY = YES;
				CLANG_WARN_ENUM_CONVERSION = YES;
				CLANG_WARN_INFINITE_RECURSION = YES;
				CLANG_WARN_INT_CONVERSION = YES;
				CLANG_WARN_NON_LITERAL_NULL_CONVERSION = YES;
				CLANG_WARN_OBJC_IMPLICIT_RETAIN_SELF = YES;
				CLANG_WARN_OBJC_LITERAL_CONVERSION = YES;
				CLANG_WARN_OBJC_ROOT_CLASS = YES_ERROR;
				CLANG_WARN_QUOTED_INCLUDE_IN_FRAMEWORK_HEADER = YES;
				CLANG_WARN_RANGE_LOOP_ANALYSIS = YES;
				CLANG_WARN_STRICT_PROTOTYPES = YES;
				CLANG_WARN_SUSPICIOUS_MOVE = YES;
				CLANG_WARN_UNGUARDED_AVAILABILITY = YES_AGGRESSIVE;
				CLANG_WARN_UNREACHABLE_CODE = YES;
				CLANG_WARN__DUPLICATE_METHOD_MATCH = YES;
				COPY_PHASE_STRIP = NO;
				DEBUG_INFORMATION_FORMAT = "dwarf-with-dsym";
				ENABLE_NS_ASSERTIONS = NO;
				ENABLE_STRICT_OBJC_MSGSEND = YES;
				GCC_C_LANGUAGE_STANDARD = gnu11;
				GCC_NO_COMMON_BLOCKS = YES;
				GCC_WARN_64_TO_32_BIT_CONVERSION = YES;
				GCC_WARN_ABOUT_RETURN_TYPE = YES_ERROR;
				GCC_WARN_UNDECLARED_SELECTOR = YES;
				GCC_WARN_UNINITIALIZED_AUTOS = YES_AGGRESSIVE;
				GCC_WARN_UNUSED_FUNCTION = YES;
				GCC_WARN_UNUSED_VARIABLE = YES;
				IPHONEOS_DEPLOYMENT_TARGET = 15.0;
				MTL_ENABLE_DEBUG_INFO = NO;
				MTL_FAST_MATH = YES;
				SDKROOT = iphoneos;
				SWIFT_COMPILATION_MODE = wholemodule;
				SWIFT_OPTIMIZATION_LEVEL = "-O";
				VALIDATE_PRODUCT = YES;
			};
			name = Release;
		};
		1FC26AE1276117B2003B8162 /* Debug */ = {
			isa = XCBuildConfiguration;
			buildSettings = {
				ASSETCATALOG_COMPILER_APPICON_NAME = AppIcon;
				ASSETCATALOG_COMPILER_GLOBAL_ACCENT_COLOR_NAME = AccentColor;
				CODE_SIGN_STYLE = Automatic;
				CURRENT_PROJECT_VERSION = 1;
				DEVELOPMENT_TEAM = PZG97Y5PWY;
				GENERATE_INFOPLIST_FILE = YES;
				INFOPLIST_FILE = "Ten Elephants/Info.plist";
				INFOPLIST_KEY_UIApplicationSupportsIndirectInputEvents = YES;
				INFOPLIST_KEY_UILaunchStoryboardName = LaunchScreen;
				INFOPLIST_KEY_UISupportedInterfaceOrientations = UIInterfaceOrientationPortrait;
				INFOPLIST_KEY_UISupportedInterfaceOrientations_iPad = "UIInterfaceOrientationPortrait UIInterfaceOrientationPortraitUpsideDown UIInterfaceOrientationLandscapeLeft UIInterfaceOrientationLandscapeRight";
				INFOPLIST_KEY_UISupportedInterfaceOrientations_iPhone = "UIInterfaceOrientationPortrait UIInterfaceOrientationLandscapeLeft UIInterfaceOrientationLandscapeRight";
				IPHONEOS_DEPLOYMENT_TARGET = 13.0;
				LD_RUNPATH_SEARCH_PATHS = (
					"$(inherited)",
					"@executable_path/Frameworks",
				);
				MARKETING_VERSION = 0.1;
				PRODUCT_BUNDLE_IDENTIFIER = "elephants.Ten-Elephants";
				PRODUCT_NAME = "$(TARGET_NAME)";
				SWIFT_EMIT_LOC_STRINGS = YES;
				SWIFT_VERSION = 5.0;
				TARGETED_DEVICE_FAMILY = 1;
			};
			name = Debug;
		};
		1FC26AE2276117B2003B8162 /* Release */ = {
			isa = XCBuildConfiguration;
			buildSettings = {
				ASSETCATALOG_COMPILER_APPICON_NAME = AppIcon;
				ASSETCATALOG_COMPILER_GLOBAL_ACCENT_COLOR_NAME = AccentColor;
				CODE_SIGN_STYLE = Automatic;
				CURRENT_PROJECT_VERSION = 1;
				DEVELOPMENT_TEAM = PZG97Y5PWY;
				GENERATE_INFOPLIST_FILE = YES;
				INFOPLIST_FILE = "Ten Elephants/Info.plist";
				INFOPLIST_KEY_UIApplicationSupportsIndirectInputEvents = YES;
				INFOPLIST_KEY_UILaunchStoryboardName = LaunchScreen;
				INFOPLIST_KEY_UISupportedInterfaceOrientations = UIInterfaceOrientationPortrait;
				INFOPLIST_KEY_UISupportedInterfaceOrientations_iPad = "UIInterfaceOrientationPortrait UIInterfaceOrientationPortraitUpsideDown UIInterfaceOrientationLandscapeLeft UIInterfaceOrientationLandscapeRight";
				INFOPLIST_KEY_UISupportedInterfaceOrientations_iPhone = "UIInterfaceOrientationPortrait UIInterfaceOrientationLandscapeLeft UIInterfaceOrientationLandscapeRight";
				IPHONEOS_DEPLOYMENT_TARGET = 13.0;
				LD_RUNPATH_SEARCH_PATHS = (
					"$(inherited)",
					"@executable_path/Frameworks",
				);
				MARKETING_VERSION = 0.1;
				PRODUCT_BUNDLE_IDENTIFIER = "elephants.Ten-Elephants";
				PRODUCT_NAME = "$(TARGET_NAME)";
				SWIFT_EMIT_LOC_STRINGS = YES;
				SWIFT_VERSION = 5.0;
				TARGETED_DEVICE_FAMILY = 1;
			};
			name = Release;
		};
		1FDE4AC327623D98002879F8 /* Debug */ = {
			isa = XCBuildConfiguration;
			buildSettings = {
				BUNDLE_LOADER = "$(TEST_HOST)";
				CODE_SIGN_STYLE = Automatic;
				CURRENT_PROJECT_VERSION = 1;
				DEVELOPMENT_TEAM = PZG97Y5PWY;
				GENERATE_INFOPLIST_FILE = YES;
				LD_RUNPATH_SEARCH_PATHS = (
					"$(inherited)",
					"@executable_path/Frameworks",
					"@loader_path/Frameworks",
				);
				MARKETING_VERSION = 1.0;
				PRODUCT_BUNDLE_IDENTIFIER = "elephants.Unit-Tests";
				PRODUCT_NAME = "$(TARGET_NAME)";
				SWIFT_EMIT_LOC_STRINGS = NO;
				SWIFT_VERSION = 5.0;
				TARGETED_DEVICE_FAMILY = "1,2";
				TEST_HOST = "$(BUILT_PRODUCTS_DIR)/Ten Elephants.app/Ten Elephants";
			};
			name = Debug;
		};
		1FDE4AC427623D98002879F8 /* Release */ = {
			isa = XCBuildConfiguration;
			buildSettings = {
				BUNDLE_LOADER = "$(TEST_HOST)";
				CODE_SIGN_STYLE = Automatic;
				CURRENT_PROJECT_VERSION = 1;
				DEVELOPMENT_TEAM = PZG97Y5PWY;
				GENERATE_INFOPLIST_FILE = YES;
				LD_RUNPATH_SEARCH_PATHS = (
					"$(inherited)",
					"@executable_path/Frameworks",
					"@loader_path/Frameworks",
				);
				MARKETING_VERSION = 1.0;
				PRODUCT_BUNDLE_IDENTIFIER = "elephants.Unit-Tests";
				PRODUCT_NAME = "$(TARGET_NAME)";
				SWIFT_EMIT_LOC_STRINGS = NO;
				SWIFT_VERSION = 5.0;
				TARGETED_DEVICE_FAMILY = "1,2";
				TEST_HOST = "$(BUILT_PRODUCTS_DIR)/Ten Elephants.app/Ten Elephants";
			};
			name = Release;
		};
/* End XCBuildConfiguration section */

/* Begin XCConfigurationList section */
		1FC26AC7276117B0003B8162 /* Build configuration list for PBXProject "Ten Elephants" */ = {
			isa = XCConfigurationList;
			buildConfigurations = (
				1FC26ADE276117B2003B8162 /* Debug */,
				1FC26ADF276117B2003B8162 /* Release */,
			);
			defaultConfigurationIsVisible = 0;
			defaultConfigurationName = Release;
		};
		1FC26AE0276117B2003B8162 /* Build configuration list for PBXNativeTarget "Ten Elephants" */ = {
			isa = XCConfigurationList;
			buildConfigurations = (
				1FC26AE1276117B2003B8162 /* Debug */,
				1FC26AE2276117B2003B8162 /* Release */,
			);
			defaultConfigurationIsVisible = 0;
			defaultConfigurationName = Release;
		};
		1FDE4AC527623D98002879F8 /* Build configuration list for PBXNativeTarget "Unit Tests" */ = {
			isa = XCConfigurationList;
			buildConfigurations = (
				1FDE4AC327623D98002879F8 /* Debug */,
				1FDE4AC427623D98002879F8 /* Release */,
			);
			defaultConfigurationIsVisible = 0;
			defaultConfigurationName = Release;
		};
/* End XCConfigurationList section */
	};
	rootObject = 1FC26AC4276117B0003B8162 /* Project object */;
}
